version = 1
revision = 3
requires-python = "==3.11.*"

[[package]]
name = "ards-nlp-amaral-runtime"
version = "0.0.0"
source = { virtual = "." }
dependencies = [
    { name = "hyperopt" },
    { name = "joblib" },
    { name = "nltk" },
    { name = "numpy" },
    { name = "pandas" },
    { name = "scikit-learn" },
    { name = "scipy" },
    { name = "setuptools" },
    { name = "statsmodels" },
    { name = "xgboost" },
]

[package.metadata]
requires-dist = [
    { name = "hyperopt", specifier = "==0.2.7" },
    { name = "joblib", specifier = "==1.4.2" },
    { name = "nltk", specifier = "==3.10.3" },
    { name = "numpy", specifier = "==2.2.4" },
    { name = "pandas", specifier = "==2.2.3" },
    { name = "scikit-learn", specifier = "==1.6.1" },
    { name = "scipy", specifier = "==1.15.2" },
    { name = "setuptools", specifier = "==83.0.0" },
    { name = "statsmodels", specifier = "==0.14.4" },
    { name = "xgboost", specifier = "==3.0.0" },
]

[[package]]
name = "click"
version = "8.4.2"
source = { registry = "https://pypi.org/simple" }
dependencies = [
    { name = "colorama", marker = "sys_platform == 'win32'" },
]
sdist = { url = "https://files.pythonhosted.org/packages/76/d4/81420972a676e8ffea40450d8c8c92943e7218a78fe9b64359836cc9876b/click-8.4.2.tar.gz", hash = "sha256:9a6cea6e60b17ebe0a44c5cc636d94f09bd66142c1cd7d8b4cd731c4917a15f6", size = 338000, upload-time = "2026-06-24T17:45:15.148Z" }
wheels = [
    { url = "https://files.pythonhosted.org/packages/fb/e2/79c688af8b210d232694e31e59da9f6ec747bae31c3f5946e4e9b98860d5/click-8.4.2-py3-none-any.whl", hash = "sha256:e6f9f66136c816745b9d65817da91d61d957fb16e02e4dcd0552553c5a197b76", size = 119243, upload-time = "2026-06-24T17:45:13.73Z" },
]

[[package]]
name = "cloudpickle"
version = "3.1.2"
source = { registry = "https://pypi.org/simple" }
sdist = { url = "https://files.pythonhosted.org/packages/27/fb/576f067976d320f5f0114a8d9fa1215425441bb35627b1993e5afd8111e5/cloudpickle-3.1.2.tar.gz", hash = "sha256:7fda9eb655c9c230dab534f1983763de5835249750e85fbcef43aaa30a9a2414", size = 22330, upload-time = "2025-11-03T09:25:26.604Z" }
wheels = [
    { url = "https://files.pythonhosted.org/packages/88/39/799be3f2f0f38cc727ee3b4f1445fe6d5e4133064ec2e4115069418a5bb6/cloudpickle-3.1.2-py3-none-any.whl", hash = "sha256:9acb47f6afd73f60dc1df93bb801b472f05ff42fa6c84167d25cb206be1fbf4a", size = 22228, upload-time = "2025-11-03T09:25:25.534Z" },
]

[[package]]
name = "colorama"
version = "0.4.6"
source = { registry = "https://pypi.org/simple" }
sdist = { url = "https://files.pythonhosted.org/packages/d8/53/6f443c9a4a8358a93a6792e2acffb9d9d5cb0a5cfd8802644b7b1c9a02e4/colorama-0.4.6.tar.gz", hash = "sha256:08695f5cb7ed6e0531a20572697297273c47b8cae5a63ffc6d6ed5c201be6e44", size = 27697, upload-time = "2022-10-25T02:36:22.414Z" }
wheels = [
    { url = "https://files.pythonhosted.org/packages/d1/d6/3965ed04c63042e047cb6a3e6ed1a63a35087b6a609aa3a15ed8ac56c221/colorama-0.4.6-py2.py3-none-any.whl", hash = "sha256:4f1d9991f5acc0ca119f9d443620b77f9d6b33703e51011c16baf57afb285fc6", size = 25335, upload-time = "2022-10-25T02:36:20.889Z" },
]

[[package]]
name = "defusedxml"
version = "0.7.1"
source = { registry = "https://pypi.org/simple" }
sdist = { url = "https://files.pythonhosted.org/packages/0f/d5/c66da9b79e5bdb124974bfe172b4daf3c984ebd9c2a06e2b8a4dc7331c72/defusedxml-0.7.1.tar.gz", hash = "sha256:1bb3032db185915b62d7c6209c5a8792be6a32ab2fedacc84e01b52c51aa3e69", size = 75520, upload-time = "2021-03-08T10:59:26.269Z" }
wheels = [
    { url = "https://files.pythonhosted.org/packages/07/6c/aa3f2f849e01cb6a001cd8554a88d4c77c5c1a31c95bdf1cf9301e6d9ef4/defusedxml-0.7.1-py2.py3-none-any.whl", hash = "sha256:a352e7e428770286cc899e2542b6cdaedb2b4953ff269a210103ec58f6198a61", size = 25604, upload-time = "2021-03-08T10:59:24.45Z" },
]

[[package]]
name = "future"
version = "1.0.0"
source = { registry = "https://pypi.org/simple" }
sdist = { url = "https://files.pythonhosted.org/packages/a7/b2/4140c69c6a66432916b26158687e821ba631a4c9273c474343badf84d3ba/future-1.0.0.tar.gz", hash = "sha256:bd2968309307861edae1458a4f8a4f3598c03be43b97521076aebf5d94c07b05", size = 1228490, upload-time = "2024-02-21T11:52:38.461Z" }
wheels = [
    { url = "https://files.pythonhosted.org/packages/da/71/ae30dadffc90b9006d77af76b393cb9dfbfc9629f339fc1574a1c52e6806/future-1.0.0-py3-none-any.whl", hash = "sha256:929292d34f5872e70396626ef385ec22355a1fae8ad29e1a734c3e43f9fbc216", size = 491326, upload-time = "2024-02-21T11:52:35.956Z" },
]

[[package]]
name = "hyperopt"
version = "0.2.7"
source = { registry = "https://pypi.org/simple" }
dependencies = [
    { name = "cloudpickle" },
    { name = "future" },
    { name = "networkx" },
    { name = "numpy" },
    { name = "py4j" },
    { name = "scipy" },
    { name = "six" },
    { name = "tqdm" },
]
sdist = { url = "https://files.pythonhosted.org/packages/58/75/0c4712e3f3a21c910778b8f9f4622601a823cefcae24181467674a0352f9/hyperopt-0.2.7.tar.gz", hash = "sha256:1bf89ae58050bbd32c7307199046117feee245c2fd9ab6255c7308522b7ca149", size = 1308240, upload-time = "2021-11-17T10:05:51.386Z" }
wheels = [
    { url = "https://files.pythonhosted.org/packages/b6/cd/5b3334d39276067f54618ce0d0b48ed69d91352fbf137468c7095170d0e5/hyperopt-0.2.7-py2.py3-none-any.whl", hash = "sha256:f3046d91fe4167dbf104365016596856b2524a609d22f047a066fc1ac796427c", size = 1583421, upload-time = "2021-11-17T10:05:44.265Z" },
]

[[package]]
name = "joblib"
version = "1.4.2"
source = { registry = "https://pypi.org/simple" }
sdist = { url = "https://files.pythonhosted.org/packages/64/33/60135848598c076ce4b231e1b1895170f45fbcaeaa2c9d5e38b04db70c35/joblib-1.4.2.tar.gz", hash = "sha256:2382c5816b2636fbd20a09e0f4e9dad4736765fdfb7dca582943b9c1366b3f0e", size = 2116621, upload-time = "2024-05-02T12:15:05.765Z" }
wheels = [
    { url = "https://files.pythonhosted.org/packages/91/29/df4b9b42f2be0b623cbd5e2140cafcaa2bef0759a00b7b70104dcfe2fb51/joblib-1.4.2-py3-none-any.whl", hash = "sha256:06d478d5674cbc267e7496a410ee875abd68e4340feff4490bcb7afb88060ae6", size = 301817, upload-time = "2024-05-02T12:15:00.765Z" },
]

[[package]]
name = "networkx"
version = "3.6.1"
source = { registry = "https://pypi.org/simple" }
sdist = { url = "https://files.pythonhosted.org/packages/6a/51/63fe664f3908c97be9d2e4f1158eb633317598cfa6e1fc14af5383f17512/networkx-3.6.1.tar.gz", hash = "sha256:26b7c357accc0c8cde558ad486283728b65b6a95d85ee1cd66bafab4c8168509", size = 2517025, upload-time = "2025-12-08T17:02:39.908Z" }
wheels = [
    { url = "https://files.pythonhosted.org/packages/9e/c9/b2622292ea83fbb4ec318f5b9ab867d0a28ab43c5717bb85b0a5f6b3b0a4/networkx-3.6.1-py3-none-any.whl", hash = "sha256:d47fbf302e7d9cbbb9e2555a0d267983d2aa476bac30e90dfbe5669bd57f3762", size = 2068504, upload-time = "2025-12-08T17:02:38.159Z" },
]

[[package]]
name = "nltk"
version = "3.10.3"
source = { registry = "https://pypi.org/simple" }
dependencies = [
    { name = "click" },
    { name = "defusedxml" },
    { name = "joblib" },
    { name = "regex" },
    { name = "tqdm" },
]
sdist = { url = "https://files.pythonhosted.org/packages/e0/e6/fe51d2bb1a3b446f59c5c8165999a9fee208bc346af90a7cbf7657bc0d75/nltk-3.10.3.tar.gz", hash = "sha256:bb9327a461c3811c2fa4900e03840401f2126adfb30c0072827c433bd2444ea4", size = 5137152, upload-time = "2026-08-12T23:46:37.258Z" }
wheels = [
    { url = "https://files.pythonhosted.org/packages/b6/6d/ebd2af4640b12168fdf0cb74b6118df2f32a2f62ec7e0c06fbfd80706639/nltk-3.10.3-py3-none-any.whl", hash = "sha256:ff9598a8e20518ee0d557745890cc4435b9578489e2dcbc69c4f81fa060caf7c", size = 1798643, upload-time = "2026-08-12T23:44:13.478Z" },
]

[[package]]
name = "numpy"
version = "2.2.4"
source = { registry = "https://pypi.org/simple" }
sdist = { url = "https://files.pythonhosted.org/packages/e1/78/31103410a57bc2c2b93a3597340a8119588571f6a4539067546cb9a0bfac/numpy-2.2.4.tar.gz", hash = "sha256:9ba03692a45d3eef66559efe1d1096c4b9b75c0986b5dff5530c378fb8331d4f", size = 20270701, upload-time = "2025-03-16T18:27:00.648Z" }
wheels = [
    { url = "https://files.pythonhosted.org/packages/16/fb/09e778ee3a8ea0d4dc8329cca0a9c9e65fed847d08e37eba74cb7ed4b252/numpy-2.2.4-cp311-cp311-macosx_10_9_x86_64.whl", hash = "sha256:e9e0a277bb2eb5d8a7407e14688b85fd8ad628ee4e0c7930415687b6564207a4", size = 21254989, upload-time = "2025-03-16T18:06:04.092Z" },
    { url = "https://files.pythonhosted.org/packages/a2/0a/1212befdbecab5d80eca3cde47d304cad986ad4eec7d85a42e0b6d2cc2ef/numpy-2.2.4-cp311-cp311-macosx_11_0_arm64.whl", hash = "sha256:9eeea959168ea555e556b8188da5fa7831e21d91ce031e95ce23747b7609f8a4", size = 14425910, upload-time = "2025-03-16T18:06:29.062Z" },
    { url = "https://files.pythonhosted.org/packages/2b/3e/e7247c1d4f15086bb106c8d43c925b0b2ea20270224f5186fa48d4fb5cbd/numpy-2.2.4-cp311-cp311-macosx_14_0_arm64.whl", hash = "sha256:bd3ad3b0a40e713fc68f99ecfd07124195333f1e689387c180813f0e94309d6f", size = 5426490, upload-time = "2025-03-16T18:06:39.901Z" },
    { url = "https://files.pythonhosted.org/packages/5d/fa/aa7cd6be51419b894c5787a8a93c3302a1ed4f82d35beb0613ec15bdd0e2/numpy-2.2.4-cp311-cp311-macosx_14_0_x86_64.whl", hash = "sha256:cf28633d64294969c019c6df4ff37f5698e8326db68cc2b66576a51fad634880", size = 6967754, upload-time = "2025-03-16T18:06:52.658Z" },
    { url = "https://files.pythonhosted.org/packages/d5/ee/96457c943265de9fadeb3d2ffdbab003f7fba13d971084a9876affcda095/numpy-2.2.4-cp311-cp311-manylinux_2_17_aarch64.manylinux2014_aarch64.whl", hash = "sha256:2fa8fa7697ad1646b5c93de1719965844e004fcad23c91228aca1cf0800044a1", size = 14373079, upload-time = "2025-03-16T18:07:16.297Z" },
    { url = "https://files.pythonhosted.org/packages/c5/5c/ceefca458559f0ccc7a982319f37ed07b0d7b526964ae6cc61f8ad1b6119/numpy-2.2.4-cp311-cp311-manylinux_2_17_x86_64.manylinux2014_x86_64.whl", hash = "sha256:f4162988a360a29af158aeb4a2f4f09ffed6a969c9776f8f3bdee9b06a8ab7e5", size = 16428819, upload-time = "2025-03-16T18:07:44.188Z" },
    { url = "https://files.pythonhosted.org/packages/22/31/9b2ac8eee99e001eb6add9fa27514ef5e9faf176169057a12860af52704c/numpy-2.2.4-cp311-cp311-musllinux_1_2_aarch64.whl", hash = "sha256:892c10d6a73e0f14935c31229e03325a7b3093fafd6ce0af704be7f894d95687", size = 15881470, upload-time = "2025-03-16T18:08:11.545Z" },
    { url = "https://files.pythonhosted.org/packages/f0/dc/8569b5f25ff30484b555ad8a3f537e0225d091abec386c9420cf5f7a2976/numpy-2.2.4-cp311-cp311-musllinux_1_2_x86_64.whl", hash = "sha256:db1f1c22173ac1c58db249ae48aa7ead29f534b9a948bc56828337aa84a32ed6", size = 18218144, upload-time = "2025-03-16T18:08:42.042Z" },
    { url = "https://files.pythonhosted.org/packages/5e/05/463c023a39bdeb9bb43a99e7dee2c664cb68d5bb87d14f92482b9f6011cc/numpy-2.2.4-cp311-cp311-win32.whl", hash = "sha256:ea2bb7e2ae9e37d96835b3576a4fa4b3a97592fbea8ef7c3587078b0068b8f09", size = 6606368, upload-time = "2025-03-16T18:08:55.074Z" },
    { url = "https://files.pythonhosted.org/packages/8b/72/10c1d2d82101c468a28adc35de6c77b308f288cfd0b88e1070f15b98e00c/numpy-2.2.4-cp311-cp311-win_amd64.whl", hash = "sha256:f7de08cbe5551911886d1ab60de58448c6df0f67d9feb7d1fb21e9875ef95e91", size = 12947526, upload-time = "2025-03-16T18:09:16.844Z" },
]

[[package]]
name = "nvidia-nccl-cu12"
version = "2.30.7"
source = { registry = "https://pypi.org/simple" }
wheels = [
    { url = "https://files.pythonhosted.org/packages/8f/8c/554bb020501d6c04ad8127d83f728137f8f9123f991666efbdcf9095a221/nvidia_nccl_cu12-2.30.7-py3-none-manylinux_2_18_aarch64.whl", hash = "sha256:03ecd776fd1d58fd2c9a0a687dcf8db9ecd0057382dba646fa3d65786d4a9ea1", size = 303277471, upload-time = "2026-06-09T03:24:16.327Z" },
    { url = "https://files.pythonhosted.org/packages/50/32/e7ffa9c324ae260e5dbb4af2cd557bf7a8d155c8ac7b79a785fe1796fb92/nvidia_nccl_cu12-2.30.7-py3-none-manylinux_2_18_x86_64.whl", hash = "sha256:8ce1b8213f61f2bfac132e6df890af6450b77cbd140c6ce4e98cb0c2d8e678c9", size = 303361239, upload-time = "2026-06-09T03:24:53.816Z" },
]

[[package]]
name = "packaging"
version = "26.2"
source = { registry = "https://pypi.org/simple" }
sdist = { url = "https://files.pythonhosted.org/packages/d7/f1/e7a6dd94a8d4a5626c03e4e99c87f241ba9e350cd9e6d75123f992427270/packaging-26.2.tar.gz", hash = "sha256:ff452ff5a3e828ce110190feff1178bb1f2ea2281fa2075aadb987c2fb221661", size = 228134, upload-time = "2026-04-24T20:15:23.917Z" }
wheels = [
    { url = "https://files.pythonhosted.org/packages/df/b2/87e62e8c3e2f4b32e5fe99e0b86d576da1312593b39f47d8ceef365e95ed/packaging-26.2-py3-none-any.whl", hash = "sha256:5fc45236b9446107ff2415ce77c807cee2862cb6fac22b8a73826d0693b0980e", size = 100195, upload-time = "2026-04-24T20:15:22.081Z" },
]

[[package]]
name = "pandas"
version = "2.2.3"
source = { registry = "https://pypi.org/simple" }
dependencies = [
    { name = "numpy" },
    { name = "python-dateutil" },
    { name = "pytz" },
    { name = "tzdata" },
]
sdist = { url = "https://files.pythonhosted.org/packages/9c/d6/9f8431bacc2e19dca897724cd097b1bb224a6ad5433784a44b587c7c13af/pandas-2.2.3.tar.gz", hash = "sha256:4f18ba62b61d7e192368b84517265a99b4d7ee8912f8708660fb4a366cc82667", size = 4399213, upload-time = "2024-09-20T13:10:04.827Z" }
wheels = [
    { url = "https://files.pythonhosted.org/packages/a8/44/d9502bf0ed197ba9bf1103c9867d5904ddcaf869e52329787fc54ed70cc8/pandas-2.2.3-cp311-cp311-macosx_10_9_x86_64.whl", hash = "sha256:66108071e1b935240e74525006034333f98bcdb87ea116de573a6a0dccb6c039", size = 12602222, upload-time = "2024-09-20T13:08:56.254Z" },
    { url = "https://files.pythonhosted.org/packages/52/11/9eac327a38834f162b8250aab32a6781339c69afe7574368fffe46387edf/pandas-2.2.3-cp311-cp311-macosx_11_0_arm64.whl", hash = "sha256:7c2875855b0ff77b2a64a0365e24455d9990730d6431b9e0ee18ad8acee13dbd", size = 11321274, upload-time = "2024-09-20T13:08:58.645Z" },
    { url = "https://files.pythonhosted.org/packages/45/fb/c4beeb084718598ba19aa9f5abbc8aed8b42f90930da861fcb1acdb54c3a/pandas-2.2.3-cp311-cp311-manylinux2014_aarch64.manylinux_2_17_aarch64.whl", hash = "sha256:cd8d0c3be0515c12fed0bdbae072551c8b54b7192c7b1fda0ba56059a0179698", size = 15579836, upload-time = "2024-09-20T19:01:57.571Z" },
    { url = "https://files.pythonhosted.org/packages/cd/5f/4dba1d39bb9c38d574a9a22548c540177f78ea47b32f99c0ff2ec499fac5/pandas-2.2.3-cp311-cp311-manylinux_2_17_x86_64.manylinux2014_x86_64.whl", hash = "sha256:c124333816c3a9b03fbeef3a9f230ba9a737e9e5bb4060aa2107a86cc0a497fc", size = 13058505, upload-time = "2024-09-20T13:09:01.501Z" },
    { url = "https://files.pythonhosted.org/packages/b9/57/708135b90391995361636634df1f1130d03ba456e95bcf576fada459115a/pandas-2.2.3-cp311-cp311-musllinux_1_2_aarch64.whl", hash = "sha256:63cc132e40a2e084cf01adf0775b15ac515ba905d7dcca47e9a251819c575ef3", size = 16744420, upload-time = "2024-09-20T19:02:00.678Z" },
    { url = "https://files.pythonhosted.org/packages/86/4a/03ed6b7ee323cf30404265c284cee9c65c56a212e0a08d9ee06984ba2240/pandas-2.2.3-cp311-cp311-musllinux_1_2_x86_64.whl", hash = "sha256:29401dbfa9ad77319367d36940cd8a0b3a11aba16063e39632d98b0e931ddf32", size = 14440457, upload-time = "2024-09-20T13:09:04.105Z" },
    { url = "https://files.pythonhosted.org/packages/ed/8c/87ddf1fcb55d11f9f847e3c69bb1c6f8e46e2f40ab1a2d2abadb2401b007/pandas-2.2.3-cp311-cp311-win_amd64.whl", hash = "sha256:3fc6873a41186404dad67245896a6e440baacc92f5b716ccd1bc9ed2995ab2c5", size = 11617166, upload-time = "2024-09-20T13:09:06.917Z" },
]

[[package]]
name = "patsy"
version = "1.0.2"
source = { registry = "https://pypi.org/simple" }
dependencies = [
    { name = "numpy" },
]
sdist = { url = "https://files.pythonhosted.org/packages/be/44/ed13eccdd0519eff265f44b670d46fbb0ec813e2274932dc1c0e48520f7d/patsy-1.0.2.tar.gz", hash = "sha256:cdc995455f6233e90e22de72c37fcadb344e7586fb83f06696f54d92f8ce74c0", size = 399942, upload-time = "2025-10-20T16:17:37.535Z" }
wheels = [
    { url = "https://files.pythonhosted.org/packages/f1/70/ba4b949bdc0490ab78d545459acd7702b211dfccf7eb89bbc1060f52818d/patsy-1.0.2-py2.py3-none-any.whl", hash = "sha256:37bfddbc58fcf0362febb5f54f10743f8b21dd2aa73dec7e7ef59d1b02ae668a", size = 233301, upload-time = "2025-10-20T16:17:36.563Z" },
]

[[package]]
name = "py4j"
version = "0.10.9.9"
source = { registry = "https://pypi.org/simple" }
sdist = { url = "https://files.pythonhosted.org/packages/38/31/0b210511177070c8d5d3059556194352e5753602fa64b85b7ab81ec1a009/py4j-0.10.9.9.tar.gz", hash = "sha256:f694cad19efa5bd1dee4f3e5270eb406613c974394035e5bfc4ec1aba870b879", size = 761089, upload-time = "2025-01-15T03:53:18.624Z" }
wheels = [
    { url = "https://files.pythonhosted.org/packages/bd/db/ea0203e495be491c85af87b66e37acfd3bf756fd985f87e46fc5e3bf022c/py4j-0.10.9.9-py2.py3-none-any.whl", hash = "sha256:c7c26e4158defb37b0bb124933163641a2ff6e3a3913f7811b0ddbe07ed61533", size = 203008, upload-time = "2025-01-15T03:53:15.648Z" },
]

[[package]]
name = "python-dateutil"
version = "2.9.0.post0"
source = { registry = "https://pypi.org/simple" }
dependencies = [
    { name = "six" },
]
sdist = { url = "https://files.pythonhosted.org/packages/66/c0/0c8b6ad9f17a802ee498c46e004a0eb49bc148f2fd230864601a86dcf6db/python-dateutil-2.9.0.post0.tar.gz", hash = "sha256:37dd54208da7e1cd875388217d5e00ebd4179249f90fb72437e91a35459a0ad3", size = 342432, upload-time = "2024-03-01T18:36:20.211Z" }
wheels = [
    { url = "https://files.pythonhosted.org/packages/ec/57/56b9bcc3c9c6a792fcbaf139543cee77261f3651ca9da0c93f5c1221264b/python_dateutil-2.9.0.post0-py2.py3-none-any.whl", hash = "sha256:a8b2bc7bffae282281c8140a97d3aa9c14da0b136dfe83f850eea9a5f7470427", size = 229892, upload-time = "2024-03-01T18:36:18.57Z" },
]

[[package]]
name = "pytz"
version = "2026.2"
source = { registry = "https://pypi.org/simple" }
sdist = { url = "https://files.pythonhosted.org/packages/ff/46/dd499ec9038423421951e4fad73051febaa13d2df82b4064f87af8b8c0c3/pytz-2026.2.tar.gz", hash = "sha256:0e60b47b29f21574376f218fe21abc009894a2321ea16c6754f3cad6eb7cdd6a", size = 320861, upload-time = "2026-05-04T01:35:29.667Z" }
wheels = [
    { url = "https://files.pythonhosted.org/packages/ec/dd/96da98f892250475bdf2328112d7468abdd4acc7b902b6af23f4ed958ea0/pytz-2026.2-py2.py3-none-any.whl", hash = "sha256:04156e608bee23d3792fd45c94ae47fae1036688e75032eea2e3bf0323d1f126", size = 510141, upload-time = "2026-05-04T01:35:27.408Z" },
]

[[package]]
name = "regex"
version = "2026.6.28"
source = { registry = "https://pypi.org/simple" }
sdist = { url = "https://files.pythonhosted.org/packages/f1/05/e4f219230e11e774a6c9987d2ab0d0c6b8573e13a17e143d0015bee710ef/regex-2026.6.28.tar.gz", hash = "sha256:3cb4b6c5cb3060cc31efdc1fbb27c25fb9b29044afd87e40601a1c4d9db54342", size = 416101, upload-time = "2026-06-28T19:56:55.302Z" }
wheels = [
    { url = "https://files.pythonhosted.org/packages/72/db/9051b36294bdbabaa9c7db57db0fbcdfbd17f7a106c539bb423d0323faea/regex-2026.6.28-cp311-cp311-macosx_10_9_universal2.whl", hash = "sha256:a71b51dd08b9b62f055fafab3dee8af8bd2ec81b373a44caef18d6c5ca28f43a", size = 489481, upload-time = "2026-06-28T19:53:36.684Z" },
    { url = "https://files.pythonhosted.org/packages/35/3f/24097a3c3ff30f9a639888900faaecabcf5f54a5bc9c851c297e11b349ef/regex-2026.6.28-cp311-cp311-macosx_10_9_x86_64.whl", hash = "sha256:9c26a47770d30a0f85c01e261d2a3ebc342c4af6fd666dbd8c1fe4cbf3adf726", size = 291292, upload-time = "2026-06-28T19:53:38.39Z" },
    { url = "https://files.pythonhosted.org/packages/5e/cc/e0d762a189cfb4e8926d16e691720690d139a977b38fdb80230c259332ab/regex-2026.6.28-cp311-cp311-macosx_11_0_arm64.whl", hash = "sha256:e5efbc1af38f97e300d43028e5a92e752d924bcfb7f465d8669d5d5a6e78c233", size = 289232, upload-time = "2026-06-28T19:53:40.181Z" },
    { url = "https://files.pythonhosted.org/packages/4b/c8/ca0ac7f09cc88ca61e0c61c53f7db29334f660ffba5d0b52378e7c44723c/regex-2026.6.28-cp311-cp311-manylinux2014_aarch64.manylinux_2_17_aarch64.manylinux_2_28_aarch64.whl", hash = "sha256:f1758df6fdd8c800620a5638958720e8a635e1da49a2f09df2dd63e94a24ec4a", size = 792332, upload-time = "2026-06-28T19:53:41.782Z" },
    { url = "https://files.pythonhosted.org/packages/8e/92/04ae94cbe0dd1f478b2aef6c46f995bb6946d3e338d4b28605478b66a2b7/regex-2026.6.28-cp311-cp311-manylinux2014_ppc64le.manylinux_2_17_ppc64le.manylinux_2_28_ppc64le.whl", hash = "sha256:ad73ecf20c1ef5c975639f8bf845a9370fcf7dada7edc1e3b0bca20e2f8202f6", size = 861743, upload-time = "2026-06-28T19:53:43.261Z" },
    { url = "https://files.pythonhosted.org/packages/4c/ec/024d7638c807679ff8a0e6081d01d66c7762339af1cac71e45911587ff9a/regex-2026.6.28-cp311-cp311-manylinux2014_s390x.manylinux_2_17_s390x.manylinux_2_28_s390x.whl", hash = "sha256:4d80c798b0eec6ea3d45f8816a1e8886c5664615d347d89e8c075b576a1b5a5d", size = 906481, upload-time = "2026-06-28T19:53:44.948Z" },
    { url = "https://files.pythonhosted.org/packages/cd/fd/93bfe5af45f0be4fa8983945455c0e6924e1aeb879cde227958869c1e71c/regex-2026.6.28-cp311-cp311-manylinux2014_x86_64.manylinux_2_17_x86_64.manylinux_2_28_x86_64.whl", hash = "sha256:a361feeaf1b6ba1df060f2ff5c5947092edf537a35ce78e76387ac56d3e0f4a4", size = 799867, upload-time = "2026-06-28T19:53:46.997Z" },
    { url = "https://files.pythonhosted.org/packages/ee/fd/e5d965d41f2398c8ce0f37a4652f03bb297fd009bb796d390134225dda12/regex-2026.6.28-cp311-cp311-manylinux_2_31_riscv64.manylinux_2_39_riscv64.whl", hash = "sha256:8b92366d9c8bba9642989534073662abdd9b41faf7603a7ae71597833f3b88f0", size = 773632, upload-time = "2026-06-28T19:53:48.892Z" },
    { url = "https://files.pythonhosted.org/packages/eb/d9/ff39afaec92b9ee2dba0302a4783976005091681069808938c31cf8df3b6/regex-2026.6.28-cp311-cp311-musllinux_1_2_aarch64.whl", hash = "sha256:11251768cc23f097dd61b18f67966e70f74da822784d17e12a444eb6b29d4288", size = 781669, upload-time = "2026-06-28T19:53:50.693Z" },
    { url = "https://files.pythonhosted.org/packages/45/4e/e2fd4bb8228e10c24af2d7ff867182372190e498eab9fd29cbe54c403c95/regex-2026.6.28-cp311-cp311-musllinux_1_2_ppc64le.whl", hash = "sha256:ad5c67786145ec28a71a267d9f9d92bdc8d70d65541eea852c253f520a01f918", size = 854497, upload-time = "2026-06-28T19:53:52.323Z" },
    { url = "https://files.pythonhosted.org/packages/72/7c/f0340384a973082979064156d05f3d2cc1dced7371efcd7a1b45726a1a8a/regex-2026.6.28-cp311-cp311-musllinux_1_2_riscv64.whl", hash = "sha256:f1da438e739765c3e85175ede05816cbede3caaacb1e0680568bda6119bfdfca", size = 763335, upload-time = "2026-06-28T19:53:54.024Z" },
    { url = "https://files.pythonhosted.org/packages/e1/32/90ce0d0898e205506cc22b9c81cfb16b722e06ca5f50fad51c053c2a727b/regex-2026.6.28-cp311-cp311-musllinux_1_2_s390x.whl", hash = "sha256:d98b639046e51c5de64d9f77351532105e99ca271cb6f7640e1f903d6ab63032", size = 844615, upload-time = "2026-06-28T19:53:56.216Z" },
    { url = "https://files.pythonhosted.org/packages/6a/ef/55abb149599dce1ade687170557129524011eeb3d92afe02429cea7754a2/regex-2026.6.28-cp311-cp311-musllinux_1_2_x86_64.whl", hash = "sha256:1e164ace4dbab5c6ad4a4ac7c41a2638fe226d0c770a86f2eb041f594bac6ee7", size = 789193, upload-time = "2026-06-28T19:53:57.791Z" },
    { url = "https://files.pythonhosted.org/packages/f8/ea/cf7f6f6f152e52fdad978b913bf24c14df647eca0f81ef31f3aee0be8982/regex-2026.6.28-cp311-cp311-win32.whl", hash = "sha256:3169a3159e4d99d9ae85ff0ed90ef3b8906cc3152653b6078b842ace6c8f72c3", size = 266731, upload-time = "2026-06-28T19:53:59.938Z" },
    { url = "https://files.pythonhosted.org/packages/c6/cf/a48d8e8d406b22481cad146f48fa0dfca3c5f402b91f26d8e5a0fe4f513d/regex-2026.6.28-cp311-cp311-win_amd64.whl", hash = "sha256:5977295b0a74e8241df8a4b3b27b12412a831f6fa32ee8b755039592cd768c3d", size = 277918, upload-time = "2026-06-28T19:54:01.502Z" },
    { url = "https://files.pythonhosted.org/packages/89/b2/a222392207db7ed86281a732a99f7cf7f2bb35d332799e892b8510be000e/regex-2026.6.28-cp311-cp311-win_arm64.whl", hash = "sha256:f5fbaef40c3e9282ccee4b075f5600a0d858aa0c34147732f1baa69c8188a95d", size = 276876, upload-time = "2026-06-28T19:54:03.411Z" },
]

[[package]]
name = "scikit-learn"
version = "1.6.1"
source = { registry = "https://pypi.org/simple" }
dependencies = [
    { name = "joblib" },
    { name = "numpy" },
    { name = "scipy" },
    { name = "threadpoolctl" },
]
sdist = { url = "https://files.pythonhosted.org/packages/9e/a5/4ae3b3a0755f7b35a280ac90b28817d1f380318973cff14075ab41ef50d9/scikit_learn-1.6.1.tar.gz", hash = "sha256:b4fc2525eca2c69a59260f583c56a7557c6ccdf8deafdba6e060f94c1c59738e", size = 7068312, upload-time = "2025-01-10T08:07:55.348Z" }
wheels = [
    { url = "https://files.pythonhosted.org/packages/6c/2a/e291c29670795406a824567d1dfc91db7b699799a002fdaa452bceea8f6e/scikit_learn-1.6.1-cp311-cp311-macosx_10_9_x86_64.whl", hash = "sha256:72abc587c75234935e97d09aa4913a82f7b03ee0b74111dcc2881cba3c5a7b33", size = 12102620, upload-time = "2025-01-10T08:06:16.675Z" },
    { url = "https://files.pythonhosted.org/packages/25/92/ee1d7a00bb6b8c55755d4984fd82608603a3cc59959245068ce32e7fb808/scikit_learn-1.6.1-cp311-cp311-macosx_12_0_arm64.whl", hash = "sha256:b3b00cdc8f1317b5f33191df1386c0befd16625f49d979fe77a8d44cae82410d", size = 11116234, upload-time = "2025-01-10T08:06:21.83Z" },
    { url = "https://files.pythonhosted.org/packages/30/cd/ed4399485ef364bb25f388ab438e3724e60dc218c547a407b6e90ccccaef/scikit_learn-1.6.1-cp311-cp311-manylinux_2_17_aarch64.manylinux2014_aarch64.whl", hash = "sha256:dc4765af3386811c3ca21638f63b9cf5ecf66261cc4815c1db3f1e7dc7b79db2", size = 12592155, upload-time = "2025-01-10T08:06:27.309Z" },
    { url = "https://files.pythonhosted.org/packages/a8/f3/62fc9a5a659bb58a03cdd7e258956a5824bdc9b4bb3c5d932f55880be569/scikit_learn-1.6.1-cp311-cp311-manylinux_2_17_x86_64.manylinux2014_x86_64.whl", hash = "sha256:25fc636bdaf1cc2f4a124a116312d837148b5e10872147bdaf4887926b8c03d8", size = 13497069, upload-time = "2025-01-10T08:06:32.515Z" },
    { url = "https://files.pythonhosted.org/packages/a1/a6/c5b78606743a1f28eae8f11973de6613a5ee87366796583fb74c67d54939/scikit_learn-1.6.1-cp311-cp311-win_amd64.whl", hash = "sha256:fa909b1a36e000a03c382aade0bd2063fd5680ff8b8e501660c0f59f021a6415", size = 11139809, upload-time = "2025-01-10T08:06:35.514Z" },
]

[[package]]
name = "scipy"
version = "1.15.2"
source = { registry = "https://pypi.org/simple" }
dependencies = [
    { name = "numpy" },
]
sdist = { url = "https://files.pythonhosted.org/packages/b7/b9/31ba9cd990e626574baf93fbc1ac61cf9ed54faafd04c479117517661637/scipy-1.15.2.tar.gz", hash = "sha256:cd58a314d92838f7e6f755c8a2167ead4f27e1fd5c1251fd54289569ef3495ec", size = 59417316, upload-time = "2025-02-17T00:42:24.791Z" }
wheels = [
    { url = "https://files.pythonhosted.org/packages/40/1f/bf0a5f338bda7c35c08b4ed0df797e7bafe8a78a97275e9f439aceb46193/scipy-1.15.2-cp311-cp311-macosx_10_13_x86_64.whl", hash = "sha256:92233b2df6938147be6fa8824b8136f29a18f016ecde986666be5f4d686a91a4", size = 38703651, upload-time = "2025-02-17T00:30:31.09Z" },
    { url = "https://files.pythonhosted.org/packages/de/54/db126aad3874601048c2c20ae3d8a433dbfd7ba8381551e6f62606d9bd8e/scipy-1.15.2-cp311-cp311-macosx_12_0_arm64.whl", hash = "sha256:62ca1ff3eb513e09ed17a5736929429189adf16d2d740f44e53270cc800ecff1", size = 30102038, upload-time = "2025-02-17T00:30:40.219Z" },
    { url = "https://files.pythonhosted.org/packages/61/d8/84da3fffefb6c7d5a16968fe5b9f24c98606b165bb801bb0b8bc3985200f/scipy-1.15.2-cp311-cp311-macosx_14_0_arm64.whl", hash = "sha256:4c6676490ad76d1c2894d77f976144b41bd1a4052107902238047fb6a473e971", size = 22375518, upload-time = "2025-02-17T00:30:47.547Z" },
    { url = "https://files.pythonhosted.org/packages/44/78/25535a6e63d3b9c4c90147371aedb5d04c72f3aee3a34451f2dc27c0c07f/scipy-1.15.2-cp311-cp311-macosx_14_0_x86_64.whl", hash = "sha256:a8bf5cb4a25046ac61d38f8d3c3426ec11ebc350246a4642f2f315fe95bda655", size = 25142523, upload-time = "2025-02-17T00:30:56.002Z" },
    { url = "https://files.pythonhosted.org/packages/e0/22/4b4a26fe1cd9ed0bc2b2cb87b17d57e32ab72c346949eaf9288001f8aa8e/scipy-1.15.2-cp311-cp311-manylinux_2_17_aarch64.manylinux2014_aarch64.whl", hash = "sha256:6a8e34cf4c188b6dd004654f88586d78f95639e48a25dfae9c5e34a6dc34547e", size = 35491547, upload-time = "2025-02-17T00:31:07.599Z" },
    { url = "https://files.pythonhosted.org/packages/32/ea/564bacc26b676c06a00266a3f25fdfe91a9d9a2532ccea7ce6dd394541bc/scipy-1.15.2-cp311-cp311-manylinux_2_17_x86_64.manylinux2014_x86_64.whl", hash = "sha256:28a0d2c2075946346e4408b211240764759e0fabaeb08d871639b5f3b1aca8a0", size = 37634077, upload-time = "2025-02-17T00:31:15.191Z" },
    { url = "https://files.pythonhosted.org/packages/43/c2/bfd4e60668897a303b0ffb7191e965a5da4056f0d98acfb6ba529678f0fb/scipy-1.15.2-cp311-cp311-musllinux_1_2_aarch64.whl", hash = "sha256:42dabaaa798e987c425ed76062794e93a243be8f0f20fff6e7a89f4d61cb3d40", size = 37231657, upload-time = "2025-02-17T00:31:22.041Z" },
    { url = "https://files.pythonhosted.org/packages/4a/75/5f13050bf4f84c931bcab4f4e83c212a36876c3c2244475db34e4b5fe1a6/scipy-1.15.2-cp311-cp311-musllinux_1_2_x86_64.whl", hash = "sha256:6f5e296ec63c5da6ba6fa0343ea73fd51b8b3e1a300b0a8cae3ed4b1122c7462", size = 40035857, upload-time = "2025-02-17T00:31:29.836Z" },
    { url = "https://files.pythonhosted.org/packages/b9/8b/7ec1832b09dbc88f3db411f8cdd47db04505c4b72c99b11c920a8f0479c3/scipy-1.15.2-cp311-cp311-win_amd64.whl", hash = "sha256:597a0c7008b21c035831c39927406c6181bcf8f60a73f36219b69d010aa04737", size = 41217654, upload-time = "2025-02-17T00:31:43.65Z" },
]

[[package]]
name = "setuptools"
version = "83.0.0"
source = { registry = "https://pypi.org/simple" }
sdist = { url = "https://files.pythonhosted.org/packages/34/26/f5d29e25ffdb535afef2d35cdb55b325298f96debd670da4c325e08d70f4/setuptools-83.0.0.tar.gz", hash = "sha256:025bccbbf0fa05b6192bc64ae1e7b16e001fd6d6d4d5de03c97b1c1ade523bef", size = 1154254, upload-time = "2026-07-04T15:31:22.699Z" }
wheels = [
    { url = "https://files.pythonhosted.org/packages/5d/40/e1e72872c6354b306daef1703549e8e83b4d43cfea356311bf722a043752/setuptools-83.0.0-py3-none-any.whl", hash = "sha256:29b23c360f22f414dc7336bb39178cc7bcbf6021ed2733cde173f09dba19abb3", size = 1008090, upload-time = "2026-07-04T15:31:20.885Z" },
]

[[package]]
name = "six"
version = "1.17.0"
source = { registry = "https://pypi.org/simple" }
sdist = { url = "https://files.pythonhosted.org/packages/94/e7/b2c673351809dca68a0e064b6af791aa332cf192da575fd474ed7d6f16a2/six-1.17.0.tar.gz", hash = "sha256:ff70335d468e7eb6ec65b95b99d3a2836546063f63acc5171de367e834932a81", size = 34031, upload-time = "2024-12-04T17:35:28.174Z" }
wheels = [
    { url = "https://files.pythonhosted.org/packages/b7/ce/149a00dd41f10bc29e5921b496af8b574d8413afcd5e30dfa0ed46c2cc5e/six-1.17.0-py2.py3-none-any.whl", hash = "sha256:4721f391ed90541fddacab5acf947aa0d3dc7d27b2e1e8eda2be8970586c3274", size = 11050, upload-time = "2024-12-04T17:35:26.475Z" },
]

[[package]]
name = "statsmodels"
version = "0.14.4"
source = { registry = "https://pypi.org/simple" }
dependencies = [
    { name = "numpy" },
    { name = "packaging" },
    { name = "pandas" },
    { name = "patsy" },
    { name = "scipy" },
]
sdist = { url = "https://files.pythonhosted.org/packages/1f/3b/963a015dd8ea17e10c7b0e2f14d7c4daec903baf60a017e756b57953a4bf/statsmodels-0.14.4.tar.gz", hash = "sha256:5d69e0f39060dc72c067f9bb6e8033b6dccdb0bae101d76a7ef0bcc94e898b67", size = 20354802, upload-time = "2024-10-03T16:15:36.273Z" }
wheels = [
    { url = "https://files.pythonhosted.org/packages/48/88/326f5f689e69d9c47a68a22ffdd20a6ea6410b53918f9a8e63380dfc181c/statsmodels-0.14.4-cp311-cp311-macosx_10_9_x86_64.whl", hash = "sha256:5ed7e118e6e3e02d6723a079b8c97eaadeed943fa1f7f619f7148dfc7862670f", size = 10221032, upload-time = "2024-10-03T16:22:48.191Z" },
    { url = "https://files.pythonhosted.org/packages/07/0b/9a0818be42f6689ebdc7a2277ea984d6299f0809d0e0277128df4f7dc606/statsmodels-0.14.4-cp311-cp311-macosx_11_0_arm64.whl", hash = "sha256:f5f537f7d000de4a1708c63400755152b862cd4926bb81a86568e347c19c364b", size = 9912219, upload-time = "2024-10-03T17:17:03.799Z" },
    { url = "https://files.pythonhosted.org/packages/b1/f2/91c70a3b4a3e416f76ead61b04c87bc60080d634d7fa2ab893976bdd86fa/statsmodels-0.14.4-cp311-cp311-manylinux_2_17_aarch64.manylinux2014_aarch64.whl", hash = "sha256:aa74aaa26eaa5012b0a01deeaa8a777595d0835d3d6c7175f2ac65435a7324d2", size = 10424053, upload-time = "2024-10-03T17:09:49.325Z" },
    { url = "https://files.pythonhosted.org/packages/9d/4f/a96e682f82b675e4a6f3de8ad990587d8b1fde500a630a2aabcaabee11d8/statsmodels-0.14.4-cp311-cp311-manylinux_2_17_x86_64.manylinux2014_x86_64.whl", hash = "sha256:e332c2d9b806083d1797231280602340c5c913f90d4caa0213a6a54679ce9331", size = 10752529, upload-time = "2024-10-03T17:10:03.489Z" },
    { url = "https://files.pythonhosted.org/packages/4b/c6/47549345d32da1530a819a3699f6f34f9f70733a245eeb29f5e05e53f362/statsmodels-0.14.4-cp311-cp311-musllinux_1_2_x86_64.whl", hash = "sha256:d9c8fa28dfd75753d9cf62769ba1fecd7e73a0be187f35cc6f54076f98aa3f3f", size = 10959003, upload-time = "2024-10-03T17:10:17.477Z" },
    { url = "https://files.pythonhosted.org/packages/4b/e4/f9e96896278308e17dfd4f60a84826c48117674c980234ee38f59ab28a12/statsmodels-0.14.4-cp311-cp311-win_amd64.whl", hash = "sha256:a6087ecb0714f7c59eb24c22781491e6f1cfffb660b4740e167625ca4f052056", size = 9853281, upload-time = "2024-10-03T16:14:11.019Z" },
]

[[package]]
name = "threadpoolctl"
version = "3.6.0"
source = { registry = "https://pypi.org/simple" }
sdist = { url = "https://files.pythonhosted.org/packages/b7/4d/08c89e34946fce2aec4fbb45c9016efd5f4d7f24af8e5d93296e935631d8/threadpoolctl-3.6.0.tar.gz", hash = "sha256:8ab8b4aa3491d812b623328249fab5302a68d2d71745c8a4c719a2fcaba9f44e", size = 21274, upload-time = "2025-03-13T13:49:23.031Z" }
wheels = [
    { url = "https://files.pythonhosted.org/packages/32/d5/f9a850d79b0851d1d4ef6456097579a9005b31fea68726a4ae5f2d82ddd9/threadpoolctl-3.6.0-py3-none-any.whl", hash = "sha256:43a0b8fd5a2928500110039e43a5eed8480b918967083ea48dc3ab9f13c4a7fb", size = 18638, upload-time = "2025-03-13T13:49:21.846Z" },
]

[[package]]
name = "tqdm"
version = "4.68.4"
source = { registry = "https://pypi.org/simple" }
dependencies = [
    { name = "colorama", marker = "sys_platform == 'win32'" },
]
sdist = { url = "https://files.pythonhosted.org/packages/ae/5f/57ff8b434839e70dab45601284ea413e947a63799891b7553e5960a793a8/tqdm-4.68.4.tar.gz", hash = "sha256:19829c9673638f2a0b8617da4cdcb927e831cd88bcfcb6e78d42a4d1af131520", size = 792418, upload-time = "2026-07-07T09:58:18.369Z" }
wheels = [
    { url = "https://files.pythonhosted.org/packages/22/2a/5e5e750890ada51017d18d0d4c30da696e5b5bd3180947729927628fc3cb/tqdm-4.68.4-py3-none-any.whl", hash = "sha256:5168118b2368f48c561afda8020fd79195b1bdb0bdf8086b88442c267a315dc2", size = 676612, upload-time = "2026-07-07T09:58:16.256Z" },
]

[[package]]
name = "tzdata"
version = "2026.3"
source = { registry = "https://pypi.org/simple" }
sdist = { url = "https://files.pythonhosted.org/packages/92/ff/5a28bdfd8c3ebec42564ac7d0e54ca3db65044a9314a97f9564fa7a1e926/tzdata-2026.3.tar.gz", hash = "sha256:4a1518b8993086a7982523e071643f3c0e5f213e75b21318e78bcabfff9d1415", size = 198674, upload-time = "2026-07-10T08:50:37.887Z" }
wheels = [
    { url = "https://files.pythonhosted.org/packages/e5/6d/b53b99a9f2766d095985947a5782f1702cabb129a34f7a802d7197af832f/tzdata-2026.3-py2.py3-none-any.whl", hash = "sha256:dc096730c87af6cab1b171c9d532be840741ff5d459015e7f6947bd7d7e54931", size = 348168, upload-time = "2026-07-10T08:50:36.46Z" },
]

[[package]]
name = "xgboost"
version = "3.0.0"
source = { registry = "https://pypi.org/simple" }
dependencies = [
    { name = "numpy" },
    { name = "nvidia-nccl-cu12", marker = "platform_machine != 'aarch64' and sys_platform == 'linux'" },
    { name = "scipy" },
]
sdist = { url = "https://files.pythonhosted.org/packages/82/18/f58f9dcbcca811b30be945fd7f890f87a0ee822f7316e2ddd7a3e3056f08/xgboost-3.0.0.tar.gz", hash = "sha256:45e95416df6f6f01d9a62e60cf09fc57e5ee34697f3858337c796fac9ce3b9ed", size = 1156620, upload-time = "2025-03-15T13:45:01.277Z" }
wheels = [
    { url = "https://files.pythonhosted.org/packages/95/6c/d2a1636591e204667f320481b036acc9c526608bcc2319be71cce148102d/xgboost-3.0.0-py3-none-macosx_10_15_x86_64.whl", hash = "sha256:ed8cffd7998bd9431c3b0287a70bec8e45c09b43c9474d9dfd261627713bd890", size = 2245638, upload-time = "2025-03-15T13:46:14.653Z" },
    { url = "https://files.pythonhosted.org/packages/5a/0b/f9f815f240a9610d42367172b9f7ef7e8c9113a09b1bb35d4d85f96b910a/xgboost-3.0.0-py3-none-macosx_12_0_arm64.whl", hash = "sha256:314104bd3a1426a40f0c9662eef40e9ab22eb7a8068a42a8d198ce40412db75c", size = 2025491, upload-time = "2025-03-15T13:46:49.556Z" },
    { url = "https://files.pythonhosted.org/packages/3c/aa/f4597dc989317d2431cd71998cac1f9205c773658e0cf6680bb9011b26eb/xgboost-3.0.0-py3-none-manylinux2014_aarch64.whl", hash = "sha256:72c3405e8dfc37048f9fe339a058fa12b9f0f03bc31d3e56f0887eed2ed2baa1", size = 4841002, upload-time = "2025-03-15T13:47:19.693Z" },
    { url = "https://files.pythonhosted.org/packages/ba/ba/b89d99b89946afc842feb8f47302e8022f1405f01212d3e186b6d674b2ba/xgboost-3.0.0-py3-none-manylinux2014_x86_64.whl", hash = "sha256:72d39e74649e9b628c4221111aa6a8caa860f2e853b25480424403ee61085126", size = 4903442, upload-time = "2025-03-15T13:47:44.917Z" },
    { url = "https://files.pythonhosted.org/packages/bb/68/a7a274bedf43bbf9de120104b438b45e232395f8b9861519040b7b725535/xgboost-3.0.0-py3-none-manylinux_2_28_aarch64.whl", hash = "sha256:7bdee5787f86b83bebd75e2c96caf854760788e5f4203d063da50db5bf0efc5f", size = 4602694, upload-time = "2025-03-15T13:48:16.498Z" },
    { url = "https://files.pythonhosted.org/packages/63/f1/653afe1a1b7e1d03f26fd4bd30f3eebcfac2d8982e1a85b6be3355dcae25/xgboost-3.0.0-py3-none-manylinux_2_28_x86_64.whl", hash = "sha256:61c7e391e373b8a5312503525c0689f83ef1912a1236377022865ab340f465a4", size = 253877333, upload-time = "2025-03-15T13:51:01.139Z" },
    { url = "https://files.pythonhosted.org/packages/5e/03/15cd49e855c62226ecf1831bbe4c8e73a4324856077a23c495538a36e557/xgboost-3.0.0-py3-none-win_amd64.whl", hash = "sha256:0ea74e97f95b1eddfd27a46b7f22f72ec5a5322e1dc7cb41c9c23fb580763df9", size = 149971978, upload-time = "2025-03-15T13:53:26.596Z" },
]
